{
    "_meta": {
        "hash": {
            "sha256": "32d1812d794aa2be0dd76bdbbe9145754bb1ea9abb7a0cd049508a9f1e10a108"
        },
        "pipfile-spec": 6,
        "requires": {
            "python_version": "3.9"
        },
        "sources": [
            {
                "name": "pypi",
                "url": "https://pypi.org/simple",
                "verify_ssl": true
            }
        ]
    },
    "default": {
        "certifi": {
            "hashes": [
                "sha256:5930595817496dd21bb8dc35dad090f1c2cd0adfaf21204bf6732ca5d8ee34d3",
                "sha256:8fc0819f1f30ba15bdb34cceffb9ef04d99f420f68eb75d901e9560b8749fc41"
            ],
            "version": "==2020.6.20"
        },
        "chardet": {
            "hashes": [
                "sha256:84ab92ed1c4d4f16916e05906b6b75a6c0fb5db821cc65e70cbd64a3e2a5eaae",
                "sha256:fc323ffcaeaed0e0a02bf4d117757b98aed530d9ed4531e3e15460124c106691"
            ],
            "version": "==3.0.4"
        },
        "click": {
            "hashes": [
                "sha256:d2b5255c7c6349bc1bd1e59e08cd12acbbd63ce649f2588755783aa94dfb6b1a",
                "sha256:dacca89f4bfadd5de3d7489b7c8a566eee0d3676333fbb50030263894c38c0dc"
            ],
            "markers": "python_version >= '2.7' and python_version not in '3.0, 3.1, 3.2, 3.3, 3.4'",
            "version": "==7.1.2"
        },
        "filelock": {
            "hashes": [
                "sha256:18d82244ee114f543149c66a6e0c14e9c4f8a1044b5cdaadd0f82159d6a6ff59",
                "sha256:929b7d63ec5b7d6b71b0fa5ac14e030b3f70b75747cef1b10da9b879fef15836"
            ],
            "version": "==3.0.12"
        },
        "idna": {
            "hashes": [
                "sha256:b307872f855b18632ce0c21c5e45be78c0ea7ae4c15c828c20788b26921eb3f6",
                "sha256:b97d804b1e9b523befed77c48dacec60e6dcb0b5391d57af6a65a312a90648c0"
            ],
            "markers": "python_version >= '2.7' and python_version not in '3.0, 3.1, 3.2, 3.3'",
            "version": "==2.10"
        },
        "joblib": {
            "hashes": [
                "sha256:698c311779f347cf6b7e6b8a39bb682277b8ee4aba8cf9507bc0cf4cd4737b72",
                "sha256:9e284edd6be6b71883a63c9b7f124738a3c16195513ad940eae7e3438de885d5"
            ],
            "markers": "python_version >= '3.6'",
            "version": "==0.17.0"
        },
        "numpy": {
            "hashes": [
                "sha256:04c7d4ebc5ff93d9822075ddb1751ff392a4375e5885299445fcebf877f179d5",
                "sha256:0bfd85053d1e9f60234f28f63d4a5147ada7f432943c113a11afcf3e65d9d4c8",
                "sha256:0c66da1d202c52051625e55a249da35b31f65a81cb56e4c69af0dfb8fb0125bf",
                "sha256:0d310730e1e793527065ad7dde736197b705d0e4c9999775f212b03c44a8484c",
                "sha256:1669ec8e42f169ff715a904c9b2105b6640f3f2a4c4c2cb4920ae8b2785dac65",
                "sha256:2117536e968abb7357d34d754e3733b0d7113d4c9f1d921f21a3d96dec5ff716",
                "sha256:3733640466733441295b0d6d3dcbf8e1ffa7e897d4d82903169529fd3386919a",
                "sha256:4339741994c775396e1a274dba3609c69ab0f16056c1077f18979bec2a2c2e6e",
                "sha256:51ee93e1fac3fe08ef54ff1c7f329db64d8a9c5557e6c8e908be9497ac76374b",
                "sha256:54045b198aebf41bf6bf4088012777c1d11703bf74461d70cd350c0af2182e45",
                "sha256:58d66a6b3b55178a1f8a5fe98df26ace76260a70de694d99577ddeab7eaa9a9d",
                "sha256:59f3d687faea7a4f7f93bd9665e5b102f32f3fa28514f15b126f099b7997203d",
                "sha256:62139af94728d22350a571b7c82795b9d59be77fc162414ada6c8b6a10ef5d02",
                "sha256:7118f0a9f2f617f921ec7d278d981244ba83c85eea197be7c5a4f84af80a9c3c",
                "sha256:7c6646314291d8f5ea900a7ea9c4261f834b5b62159ba2abe3836f4fa6705526",
                "sha256:967c92435f0b3ba37a4257c48b8715b76741410467e2bdb1097e8391fccfae15",
                "sha256:9a3001248b9231ed73894c773142658bab914645261275f675d86c290c37f66d",
                "sha256:aba1d5daf1144b956bc87ffb87966791f5e9f3e1f6fab3d7f581db1f5b598f7a",
                "sha256:addaa551b298052c16885fc70408d3848d4e2e7352de4e7a1e13e691abc734c1",
                "sha256:b594f76771bc7fc8a044c5ba303427ee67c17a09b36e1fa32bde82f5c419d17a",
                "sha256:c35a01777f81e7333bcf276b605f39c872e28295441c265cd0c860f4b40148c1",
                "sha256:cebd4f4e64cfe87f2039e4725781f6326a61f095bc77b3716502bed812b385a9",
                "sha256:d526fa58ae4aead839161535d59ea9565863bb0b0bdb3cc63214613fb16aced4",
                "sha256:d7ac33585e1f09e7345aa902c281bd777fdb792432d27fca857f39b70e5dd31c",
                "sha256:e6ddbdc5113628f15de7e4911c02aed74a4ccff531842c583e5032f6e5a179bd",
                "sha256:eb25c381d168daf351147713f49c626030dcff7a393d5caa62515d415a6071d8"
            ],
            "markers": "python_version >= '3.6'",
            "version": "==1.19.2"
        },
        "onnxruntime": {
            "hashes": [
                "sha256:2c31ad5bd9391c00773e05c3e6410f31e2b65ff280f5a1fe6f575c4c5d46a9f1",
                "sha256:651f1d7674b9c6c44209f1a0492b91f2d996b46392de45fca87e3919f5d92a0a",
                "sha256:700a57ac232aecdf1bf756113fb5693b4f7196d0a9898f456baa68ef30ea2656",
                "sha256:74935ad47b19f989c21788371e77b1d881493e65205192906647671402d2286a",
                "sha256:8d7d1f0990386ee166b366288b6bb99961362e4574574bf892ba9c27dae435fb",
                "sha256:9ce8b166c7eba95fde87f87813804b7bc143c74d3b7c6b1f6010433424885dc8",
                "sha256:b8e6c97a7691174bbe37e2be922857d2d626b6be6747d9e9a4a8b5d5bc3ae3f3",
                "sha256:bf43878c15ba6bb4a919e66057ecd2c5d6870dc7bfbd3e3a446d1ed481f4b023",
                "sha256:c89026fe51b7687a2cc799151b56c78d514821e2721186a2be146372775cc3b9",
                "sha256:c8b245cc004f3a27c8857f1a8b28bb70c3ec3812c229bc74ee3a9a3130c9408a",
                "sha256:cf895d4c2eaadd0ce86c97323ff4123bc8744e0283f95c272d291d6e645f31b1",
                "sha256:edfac621a44bf0509c0ea767cf59bed712036f4fd0fc678dd68fa5a6fc07602f",
                "sha256:eea54734b4ff22847084c48354677acfa0155b4468b427076f5063af434fe6f4",
                "sha256:f164d5ef9bfeb72feff4095a341c33366db309afb67b83784451e249782da990",
                "sha256:fc481e9413d987fdf10aabf4eaa37f6c2e8752d61e8758b3a430e87e74d39140"
            ],
            "index": "pypi",
            "version": "==1.5.2"
        },
        "packaging": {
            "hashes": [
                "sha256:4357f74f47b9c12db93624a82154e9b120fa8293699949152b22065d556079f8",
                "sha256:998416ba6962ae7fbd6596850b80e17859a5753ba17c32284f67bfff33784181"
            ],
            "markers": "python_version >= '2.7' and python_version not in '3.0, 3.1, 3.2, 3.3'",
            "version": "==20.4"
        },
        "protobuf": {
            "hashes": [
                "sha256:0bba42f439bf45c0f600c3c5993666fcb88e8441d011fad80a11df6f324eef33",
                "sha256:1e834076dfef9e585815757a2c7e4560c7ccc5962b9d09f831214c693a91b463",
                "sha256:339c3a003e3c797bc84499fa32e0aac83c768e67b3de4a5d7a5a9aa3b0da634c",
                "sha256:361acd76f0ad38c6e38f14d08775514fbd241316cce08deb2ce914c7dfa1184a",
                "sha256:3dee442884a18c16d023e52e32dd34a8930a889e511af493f6dc7d4d9bf12e4f",
                "sha256:4d1174c9ed303070ad59553f435846a2f877598f59f9afc1b89757bdf846f2a7",
                "sha256:5db9d3e12b6ede5e601b8d8684a7f9d90581882925c96acf8495957b4f1b204b",
                "sha256:6a82e0c8bb2bf58f606040cc5814e07715b2094caeba281e2e7d0b0e2e397db5",
                "sha256:8c35bcbed1c0d29b127c886790e9d37e845ffc2725cc1db4bd06d70f4e8359f4",
                "sha256:91c2d897da84c62816e2f473ece60ebfeab024a16c1751aaf31100127ccd93ec",
                "sha256:9c2e63c1743cba12737169c447374fab3dfeb18111a460a8c1a000e35836b18c",
                "sha256:9edfdc679a3669988ec55a989ff62449f670dfa7018df6ad7f04e8dbacb10630",
                "sha256:c0c5ab9c4b1eac0a9b838f1e46038c3175a95b0f2d944385884af72876bd6bc7",
                "sha256:c8abd7605185836f6f11f97b21200f8a864f9cb078a193fe3c9e235711d3ff1e",
                "sha256:d69697acac76d9f250ab745b46c725edf3e98ac24763990b24d58c16c642947a",
                "sha256:df3932e1834a64b46ebc262e951cd82c3cf0fa936a154f0a42231140d8237060",
                "sha256:e7662437ca1e0c51b93cadb988f9b353fa6b8013c0385d63a70c8a77d84da5f9",
                "sha256:f68eb9d03c7d84bd01c790948320b768de8559761897763731294e3bc316decb"
            ],
            "version": "==3.13.0"
        },
        "pyparsing": {
            "hashes": [
                "sha256:c203ec8783bf771a155b207279b9bccb8dea02d8f0c9e5f8ead507bc3246ecc1",
                "sha256:ef9d7589ef3c200abe66653d3f1ab1033c3c419ae9b9bdb1240a85b024efc88b"
            ],
            "markers": "python_version >= '2.6' and python_version not in '3.0, 3.1, 3.2'",
            "version": "==2.4.7"
        },
        "regex": {
            "hashes": [
                "sha256:0cb23ed0e327c18fb7eac61ebbb3180ebafed5b9b86ca2e15438201e5903b5dd",
                "sha256:1a065e7a6a1b4aa851a0efa1a2579eabc765246b8b3a5fd74000aaa3134b8b4e",
                "sha256:1a511470db3aa97432ac8c1bf014fcc6c9fbfd0f4b1313024d342549cf86bcd6",
                "sha256:1c447b0d108cddc69036b1b3910fac159f2b51fdeec7f13872e059b7bc932be1",
                "sha256:2278453c6a76280b38855a263198961938108ea2333ee145c5168c36b8e2b376",
                "sha256:240509721a663836b611fa13ca1843079fc52d0b91ef3f92d9bba8da12e768a0",
                "sha256:4e21340c07090ddc8c16deebfd82eb9c9e1ec5e62f57bb86194a2595fd7b46e0",
                "sha256:570e916a44a361d4e85f355aacd90e9113319c78ce3c2d098d2ddf9631b34505",
                "sha256:59d5c6302d22c16d59611a9fd53556554010db1d47e9df5df37be05007bebe75",
                "sha256:6a46eba253cedcbe8a6469f881f014f0a98819d99d341461630885139850e281",
                "sha256:6f567df0601e9c7434958143aebea47a9c4b45434ea0ae0286a4ec19e9877169",
                "sha256:781906e45ef1d10a0ed9ec8ab83a09b5e0d742de70e627b20d61ccb1b1d3964d",
                "sha256:8469377a437dbc31e480993399fd1fd15fe26f382dc04c51c9cb73e42965cc06",
                "sha256:8cd0d587aaac74194ad3e68029124c06245acaeddaae14cb45844e5c9bebeea4",
                "sha256:97a023f97cddf00831ba04886d1596ef10f59b93df7f855856f037190936e868",
                "sha256:a973d5a7a324e2a5230ad7c43f5e1383cac51ef4903bf274936a5634b724b531",
                "sha256:af360e62a9790e0a96bc9ac845d87bfa0e4ee0ee68547ae8b5a9c1030517dbef",
                "sha256:b706c70070eea03411b1761fff3a2675da28d042a1ab7d0863b3efe1faa125c9",
                "sha256:bfd7a9fddd11d116a58b62ee6c502fd24cfe22a4792261f258f886aa41c2a899",
                "sha256:c30d8766a055c22e39dd7e1a4f98f6266169f2de05db737efe509c2fb9c8a3c8",
                "sha256:c53dc8ee3bb7b7e28ee9feb996a0c999137be6c1d3b02cb6b3c4cba4f9e5ed09",
                "sha256:c95d514093b80e5309bdca5dd99e51bcf82c44043b57c34594d9d7556bd04d05",
                "sha256:d43cf21df524283daa80ecad551c306b7f52881c8d0fe4e3e76a96b626b6d8d8",
                "sha256:d62205f00f461fe8b24ade07499454a3b7adf3def1225e258b994e2215fd15c5",
                "sha256:e289a857dca3b35d3615c3a6a438622e20d1bf0abcb82c57d866c8d0be3f44c4",
                "sha256:e5f6aa56dda92472e9d6f7b1e6331f4e2d51a67caafff4d4c5121cadac03941e",
                "sha256:f4b1c65ee86bfbf7d0c3dfd90592a9e3d6e9ecd36c367c884094c050d4c35d04"
            ],
            "version": "==2020.10.23"
        },
        "requests": {
            "hashes": [
                "sha256:b3559a131db72c33ee969480840fff4bb6dd111de7dd27c8ee1f820f4f00231b",
                "sha256:fe75cc94a9443b9246fc7049224f75604b113c36acb93f87b80ed42c44cbb898"
            ],
            "markers": "python_version >= '2.7' and python_version not in '3.0, 3.1, 3.2, 3.3, 3.4'",
            "version": "==2.24.0"
        },
        "sacremoses": {
            "hashes": [
                "sha256:123c1bf2664351fb05e16f87d3786dbe44a050cfd7b85161c09ad9a63a8e2948"
            ],
            "version": "==0.0.43"
        },
        "sentencepiece": {
            "hashes": [
                "sha256:05e6ef6a669d2e2d3232d95acfb2a9d255272484b898ea0650659d95448bf93f",
                "sha256:11bd70be4baf4e67b1714e43bcd1e7fed0ce04616a20388367299846fdaf712d",
                "sha256:1d7c9f52a2e32a7a2eb9685ddf74a86b5df94fcaccf37be661ac9bb5c9db4893",
                "sha256:1e6b711563163fc8cf2c873d08b4495244859e3f6d6c18859b524395d8550482",
                "sha256:232a882ebf074966e24943119ab83554642bd339bd5d6bd2641092133983bc6a",
                "sha256:295ef1ccf570c33728040a461cf837611495e8a5bd954012a5784fb3529ff460",
                "sha256:3f6c0b5c501053a2f9d99daccbf187f367ded5ae35e9e031feae56188b352433",
                "sha256:42d35adb51eb530d57c56c2cd445dbf9bd9db36bf82741aa5b42216f7f34c12d",
                "sha256:4c11b2fc89c71510a900e2dbd4d93fb18a867ce7160f298bb6bb8a581d646d63",
                "sha256:4d7d0844a57156b630fb98e21203c2755b342824b8c5a445e4ac78612c291218",
                "sha256:58db565195ee31efbaca9d00937f9f73aa131cc820c2ad46a39ac62f8671866f",
                "sha256:5c2969c4f62039d82f761c9548011bf39673a1eb8dc8f747943b88851523c943",
                "sha256:7b4867845e6935c43e37042a451d2ce84d9d97365300151a8c1c1cc724acad32",
                "sha256:7b6c794d30272a5e635e958fdb4976dd991bf35eed90441104a042b2e51723c7",
                "sha256:849d74885f6f7af03a5d354b919bf23c757f94257d7a068bc464efd70d651e3a",
                "sha256:88ef71e36b09ddd53498064efaec5470a09698df2427362cc4e86198d88aa01e",
                "sha256:995e645a94107e46317987d348216a0fb1ae3a8befec9c99cc506b8994aa133d",
                "sha256:9c8476febe8eb0a165cf04192ebd2b15124d83cfc44269e10d2a83ace677f109",
                "sha256:9c87f759dddefff52c12d4a3500a00faf22ea476a004c33c78794699069d8fc9",
                "sha256:9d2245d400424ab261e3253308001606668126a08efdc19ee2c348b0e228e1e1",
                "sha256:9d446ad41744a898f34800ee492553b4a24255a0f922cb32fe33a3c0a865d153",
                "sha256:a75f418bd92c6c92e2ee0c95e89b45b76bc54e45ed7cf2b3b74d313b263d1baa",
                "sha256:a89d90b45ba5025fcd19cad685c7572624a036d883091af967a75f3793c2aee4",
                "sha256:b01057743c2488c8d6e7b45b0732ee23976ac3d58d11cd90390cbc3221c07402",
                "sha256:b5e3eedad0ef5b3a4ae1d201fc0edc7f4b4d567c016913d4b996ebf0ab66748b",
                "sha256:bf524fa6243cfd05a04f65a6b17516ddd58438adf3c35df02ca3ebb832270a47",
                "sha256:c571b26017d8dd1c47dc2eeae09caa15cfe3d2f31fb01f004d463403a1f1349b",
                "sha256:c9d440d9ecf8c8787b89bc8596f7a47c548a9968f802d654faaf5652598ffbb0",
                "sha256:cbde526df19d6bcfa2b8503b2a4bf6996dd3172f631fd2b7efd7b6435d96407c",
                "sha256:cd6434909e1c8494b3254bf3150420e45489214d9bc7ab6ad4d1804d75d6d58f",
                "sha256:db744b73b5a5fd7adfa5cfc4eb4b7d0f408c2059783fd52c934b49743a0d2326",
                "sha256:e4aef0be184f3c5b72a1c3f7e01fbf245eb3b3c70365f823e24542008afe387f",
                "sha256:e5074d8239dcc6130dce8ffd734ab797f86679fc75a4a1d96adc243293178c05",
                "sha256:ed49f1187a25db531e2ad95718a5640a3f7e0467bc82e4267cc6f7b6caa3054a",
                "sha256:fb31a1827da0de50dc8ca33d4e657121594092c7231a4fb2d6a86149dfd98bc5",
                "sha256:fd12969cf8420870bee743398e2e60f722d1ffdf9d201dc1d6b09096c971bfd9",
                "sha256:fee3e6849b9e0cef774fb003ba2950b282b1910cdd761794bbf8dc0aa9d5f7d3"
            ],
            "version": "==0.1.94"
        },
        "six": {
            "hashes": [
                "sha256:30639c035cdb23534cd4aa2dd52c3bf48f06e5f4a941509c8bafd8ce11080259",
                "sha256:8b74bedcbbbaca38ff6d7491d76f2b06b3592611af620f8426e82dddb04a5ced"
            ],
            "markers": "python_version >= '2.7' and python_version not in '3.0, 3.1, 3.2'",
            "version": "==1.15.0"
        },
        "tokenizers": {
            "hashes": [
                "sha256:031d1533ac5bc69a6cc2f3c0b953c9a52449fa9d403dff4d19b87c2f4d1014c5",
                "sha256:0d01aef20d8aae938b6e00aaaf8bc5a4c31c5166f79b83fa69209480cf3d5652",
                "sha256:16ab11023a4523816ba402022a9a920577d92d62919f9a98560f4f729588eabe",
                "sha256:2121ab6818a76fc632d27bb640da306b8d6287ede661a388df3395c5a44ea1a7",
                "sha256:50537b39f76de9a0bbf37876df2844ea1c85a67289b3914a0fb1c8be30cd5262",
                "sha256:5d9c30a985dbcca184e92acd961f80dc95e62fb826bb5c6491201f1d4f355669",
                "sha256:6ba1337b5decd5c49f3db97fd9b202f74c249aca6e65899062df9cb083fefa60",
                "sha256:7bd8ca09ce0f4a21f237d866f1d0314b41d4b7cd39fcc053c20e97aecb94ff5a",
                "sha256:85dd00c117a4802747249aad41b3f5162ea78bb78e2e204f168e99562bab9a6d",
                "sha256:87aff23a47fcffd98a8b5777bd4bcb6c9cb7baa77996dc8b9f62379bba6912cc",
                "sha256:9435879d4ed9fba19d4515ab4668ec9dc092e8c288c73ad3cc366f8617289fc1",
                "sha256:a5fb94fc91a5588a1404f347289bbf407d9140e6d4814465a29025792bfdd1db",
                "sha256:a7c7379a319fa2c945bb2e77fde143f7bdf3ba5b25a5d1b72078a7d2a4381ba3",
                "sha256:ad2789e96a647e7451fe5af004426a2c5390fc7b55d16a9c8e8b087096ba8955",
                "sha256:d3602256170f97d245c2223f82e47863a50e077c4e4bfe3bf37bc9d70d099277",
                "sha256:e3f2cbb65cecd3580477ad7eda67781738786e0d3ecdaf184b75b20b6deae314",
                "sha256:f841e57e8c8af176f9af1e18d344283bb555354e2afed3d4000ff882147e1445"
            ],
            "version": "==0.9.2"
        },
        "tqdm": {
            "hashes": [
                "sha256:9ad44aaf0fc3697c06f6e05c7cf025dd66bc7bcb7613c66d85f4464c47ac8fad",
                "sha256:ef54779f1c09f346b2b5a8e5c61f96fbcb639929e640e59f8cf810794f406432"
            ],
            "markers": "python_version >= '2.6' and python_version not in '3.0, 3.1'",
            "version": "==4.51.0"
        },
        "transformers": {
            "hashes": [
                "sha256:3a2924149272737343f4dd061ecf3578806e62dce1b7bee52686145616709696",
                "sha256:642bd28a50fa6faa8b867f420ff15207a6ce28e72a058e7b09a74f7a98e4e4e0"
            ],
            "index": "pypi",
            "version": "==3.4.0"
        },
        "urllib3": {
            "hashes": [
                "sha256:8d7eaa5a82a1cac232164990f04874c594c9453ec55eef02eab885aa02fc17a2",
                "sha256:f5321fbe4bf3fefa0efd0bfe7fb14e90909eb62a48ccda331726b4319897dd5e"
            ],
            "markers": "python_version >= '2.7' and python_version not in '3.0, 3.1, 3.2, 3.3, 3.4' and python_version < '4'",
            "version": "==1.25.11"
        }
    },
    "develop": {}
}
